{
  "name": "aiagentmcp",
  "version": "1.0.0",
  "lockfileVersion": 3,
  "requires": true,
  "packages": {
    "": {
      "name": "aiagentmcp",
      "version": "1.0.0",
      "devDependencies": {
        "@playwright/mcp": "^0.0.76",
        "@playwright/test": "^1.61.1"
      }
    },
    "node_modules/@playwright/mcp": {
      "version": "0.0.76",
      "resolved": "https://registry.npmjs.org/@playwright/mcp/-/mcp-0.0.76.tgz",
      "integrity": "sha512-EXAMPLE",
      "dev": true
    },
    "node_modules/@playwright/test": {
      "version": "1.61.1",
      "resolved": "https://registry.npmjs.org/@playwright/test/-/test-1.61.1.tgz",
      "integrity": "sha512-EXAMPLE",
      "dev": true
    }
  }
}
